<?xml version="1.0" encoding="utf-8"?>
<Project ToolsVersion="4.0" xmlns:atg="http://atg.xbox.com" xmlns="http://schemas.microsoft.com/developer/msbuild/2003">
  <ItemGroup>
    <Filter Include="Resource Files">
      <UniqueIdentifier>{8e114980-c1a3-4ada-ad7c-83caadf5daeb}</UniqueIdentifier>
      <Extensions>rc;ico;cur;bmp;dlg;rc2;rct;bin;rgs;gif;jpg;jpeg;jpe</Extensions>
    </Filter>
    <Filter Include="Shaders">
      <UniqueIdentifier>{2c3d4c8c-5d1a-459a-a05a-a4e4b608a44e}</UniqueIdentifier>
      <Extensions>fx;fxh;hlsl</Extensions>
    </Filter>
    <Filter Include="Engine">
      <UniqueIdentifier>{b8628a0d-34b8-4198-8b4b-ec879f96ad2e}</UniqueIdentifier>
    </Filter>
    <Filter Include="Imgui">
      <UniqueIdentifier>{a4863a25-1fbb-457a-8ad3-521e25f2523c}</UniqueIdentifier>
    </Filter>
    <Filter Include="Engine\Bindables">
      <UniqueIdentifier>{558f4ab0-6c6e-4480-b794-b76452f28d75}</UniqueIdentifier>
    </Filter>
    <Filter Include="Engine\GameObject">
      <UniqueIdentifier>{321fc66d-a59e-4dcf-aa33-292c5e88a949}</UniqueIdentifier>
    </Filter>
    <Filter Include="Engine\Core">
      <UniqueIdentifier>{06de1c7a-4828-4c82-89a7-3dcc2141d8aa}</UniqueIdentifier>
    </Filter>
    <Filter Include="Engine\Graphics">
      <UniqueIdentifier>{e8a3cdb5-62e0-4130-ada4-3f1266acc5f0}</UniqueIdentifier>
    </Filter>
    <Filter Include="Engine\Physics">
      <UniqueIdentifier>{d05e48a3-42d0-4e3c-9129-518eecd13f2f}</UniqueIdentifier>
    </Filter>
    <Filter Include="Engine\Physics\ParticleModel">
      <UniqueIdentifier>{e391cd58-1f7a-46e3-b7f5-970d19a1bb4f}</UniqueIdentifier>
    </Filter>
  </ItemGroup>
  <ItemGroup>
    <ClInclude Include="Application.h" />
    <ClInclude Include="Imgui\imconfig.h">
      <Filter>Imgui</Filter>
    </ClInclude>
    <ClInclude Include="Imgui\imgui.h">
      <Filter>Imgui</Filter>
    </ClInclude>
    <ClInclude Include="Imgui\imgui_impl_dx11.h">
      <Filter>Imgui</Filter>
    </ClInclude>
    <ClInclude Include="Imgui\imgui_impl_win32.h">
      <Filter>Imgui</Filter>
    </ClInclude>
    <ClInclude Include="Imgui\imgui_internal.h">
      <Filter>Imgui</Filter>
    </ClInclude>
    <ClInclude Include="Imgui\imstb_rectpack.h">
      <Filter>Imgui</Filter>
    </ClInclude>
    <ClInclude Include="Imgui\imstb_textedit.h">
      <Filter>Imgui</Filter>
    </ClInclude>
    <ClInclude Include="Imgui\imstb_truetype.h">
      <Filter>Imgui</Filter>
    </ClInclude>
    <ClInclude Include="ImGUIManager.h">
      <Filter>Imgui</Filter>
    </ClInclude>
    <ClInclude Include="MeshedObject.h">
      <Filter>Engine\GameObject</Filter>
    </ClInclude>
    <ClInclude Include="GameObject.h">
      <Filter>Engine\GameObject</Filter>
    </ClInclude>
    <ClInclude Include="Plane.h">
      <Filter>Engine\GameObject</Filter>
    </ClInclude>
    <ClInclude Include="Bindable.h">
      <Filter>Engine\Bindables</Filter>
    </ClInclude>
    <ClInclude Include="VertexBuffer.h">
      <Filter>Engine\Bindables</Filter>
    </ClInclude>
    <ClInclude Include="IndexBuffer.h">
      <Filter>Engine\Bindables</Filter>
    </ClInclude>
    <ClInclude Include="PixelShader.h">
      <Filter>Engine\Bindables</Filter>
    </ClInclude>
    <ClInclude Include="VertexShader.h">
      <Filter>Engine\Bindables</Filter>
    </ClInclude>
    <ClInclude Include="BindableHeaders.h">
      <Filter>Engine\Bindables</Filter>
    </ClInclude>
    <ClInclude Include="Time.h">
      <Filter>Engine\Core</Filter>
    </ClInclude>
    <ClInclude Include="OBJLoader.h">
      <Filter>Engine\Core</Filter>
    </ClInclude>
    <ClInclude Include="JSONLevelLoader.h">
      <Filter>Engine\Core</Filter>
    </ClInclude>
    <ClInclude Include="DDSTextureLoader.h">
      <Filter>Engine\Core</Filter>
    </ClInclude>
    <ClInclude Include="Graphics.h">
      <Filter>Engine\Graphics</Filter>
    </ClInclude>
    <ClInclude Include="LightingStructs.h">
      <Filter>Engine\Graphics</Filter>
    </ClInclude>
    <ClInclude Include="Camera.h">
      <Filter>Engine\Core</Filter>
    </ClInclude>
    <ClInclude Include="SkySphere.h" />
    <ClInclude Include="Precision.h">
      <Filter>Engine\Core</Filter>
    </ClInclude>
    <ClInclude Include="Vector3.h">
      <Filter>Engine\Core</Filter>
    </ClInclude>
    <ClInclude Include="Transform.h">
      <Filter>Engine\Core</Filter>
    </ClInclude>
    <ClInclude Include="Particle.h">
      <Filter>Engine\Physics\ParticleModel</Filter>
    </ClInclude>
    <ClInclude Include="ParticleForceGenerator.h">
      <Filter>Engine\Physics\ParticleModel</Filter>
    </ClInclude>
    <ClInclude Include="ParticleForceRegistry.h" />
    <ClInclude Include="ParticleGravity.h">
      <Filter>Engine\Physics\ParticleModel</Filter>
    </ClInclude>
    <ClInclude Include="ParticleDrag.h">
      <Filter>Engine\Physics\ParticleModel</Filter>
    </ClInclude>
    <ClInclude Include="ParticleUplift.h">
      <Filter>Engine\Physics\ParticleModel</Filter>
    </ClInclude>
    <ClInclude Include="ParticleAirBrake.h">
      <Filter>Engine\Physics\ParticleModel</Filter>
    </ClInclude>
    <ClInclude Include="ParticleSpring.h" />
    <ClInclude Include="Debug.h" />
  </ItemGroup>
  <ItemGroup>
    <ClCompile Include="Application.cpp" />
    <ClCompile Include="DX11 Framework.cpp" />
    <ClCompile Include="Imgui\imgui.cpp">
      <Filter>Imgui</Filter>
    </ClCompile>
    <ClCompile Include="Imgui\imgui_draw.cpp">
      <Filter>Imgui</Filter>
    </ClCompile>
    <ClCompile Include="Imgui\imgui_impl_dx11.cpp">
      <Filter>Imgui</Filter>
    </ClCompile>
    <ClCompile Include="Imgui\imgui_impl_win32.cpp">
      <Filter>Imgui</Filter>
    </ClCompile>
    <ClCompile Include="Imgui\imgui_widgets.cpp">
      <Filter>Imgui</Filter>
    </ClCompile>
    <ClCompile Include="ImGUIManager.cpp">
      <Filter>Imgui</Filter>
    </ClCompile>
    <ClCompile Include="MeshedObject.cpp">
      <Filter>Engine\GameObject</Filter>
    </ClCompile>
    <ClCompile Include="GameObject.cpp">
      <Filter>Engine\GameObject</Filter>
    </ClCompile>
    <ClCompile Include="Plane.cpp">
      <Filter>Engine\GameObject</Filter>
    </ClCompile>
    <ClCompile Include="Imgui\imgui_demo.cpp">
      <Filter>Imgui</Filter>
    </ClCompile>
    <ClCompile Include="Time.cpp">
      <Filter>Engine\Core</Filter>
    </ClCompile>
    <ClCompile Include="OBJLoader.cpp">
      <Filter>Engine\Core</Filter>
    </ClCompile>
    <ClCompile Include="JSONLevelLoader.cpp">
      <Filter>Engine\Core</Filter>
    </ClCompile>
    <ClCompile Include="DDSTextureLoader.cpp">
      <Filter>Engine\Core</Filter>
    </ClCompile>
    <ClCompile Include="Graphics.cpp">
      <Filter>Engine\Graphics</Filter>
    </ClCompile>
    <ClCompile Include="Camera.cpp">
      <Filter>Engine\Core</Filter>
    </ClCompile>
    <ClCompile Include="SkySphere.cpp" />
    <ClCompile Include="Transform.cpp">
      <Filter>Engine\Core</Filter>
    </ClCompile>
    <ClCompile Include="Particle.cpp">
      <Filter>Engine\Physics\ParticleModel</Filter>
    </ClCompile>
    <ClCompile Include="ParticleForceRegistry.cpp" />
    <ClCompile Include="Debug.cpp" />
  </ItemGroup>
  <ItemGroup>
    <CLInclude Include="resource.h">
      <Filter>Resource Files</Filter>
    </CLInclude>
  </ItemGroup>
  <ItemGroup>
    <None Include="PhongDif.fx">
      <Filter>Shaders</Filter>
    </None>
    <None Include="PhongDifSpcNrm.fx">
      <Filter>Shaders</Filter>
    </None>
    <None Include="PhongDifSpc.fx">
      <Filter>Shaders</Filter>
    </None>
    <None Include="LightUtilities.fx">
      <Filter>Shaders</Filter>
    </None>
    <None Include="VertexShaderUtilities.fx">
      <Filter>Shaders</Filter>
    </None>
    <None Include="Skybox.fx">
      <Filter>Shaders</Filter>
    </None>
    <None Include="LightStructures.fx">
      <Filter>Shaders</Filter>
    </None>
    <None Include="ConstantBuffers.fx">
      <Filter>Shaders</Filter>
    </None>
  </ItemGroup>
  <ItemGroup>
    <ResourceCompile Include="DX11 Framework.rc">
      <Filter>Resource Files</Filter>
    </ResourceCompile>
  </ItemGroup>
</Project>