<?xml version="1.0" encoding="utf-8"?>
<Project ToolsVersion="4.0" xmlns:atg="http://atg.xbox.com" xmlns="http://schemas.microsoft.com/developer/msbuild/2003">
  <ItemGroup>
    <Filter Include="Resource Files">
      <UniqueIdentifier>{8e114980-c1a3-4ada-ad7c-83caadf5daeb}</UniqueIdentifier>
      <Extensions>rc;ico;cur;bmp;dlg;rc2;rct;bin;rgs;gif;jpg;jpeg;jpe</Extensions>
    </Filter>
    <Filter Include="Shaders">
      <UniqueIdentifier>{2c3d4c8c-5d1a-459a-a05a-a4e4b608a44e}</UniqueIdentifier>
      <Extensions>fx;fxh;hlsl</Extensions>
    </Filter>
    <Filter Include="Engine">
      <UniqueIdentifier>{b8628a0d-34b8-4198-8b4b-ec879f96ad2e}</UniqueIdentifier>
    </Filter>
    <Filter Include="Primitives">
      <UniqueIdentifier>{f141c4c3-ce3e-4f73-aff5-0e421428fe40}</UniqueIdentifier>
    </Filter>
    <Filter Include="Imgui">
      <UniqueIdentifier>{a4863a25-1fbb-457a-8ad3-521e25f2523c}</UniqueIdentifier>
    </Filter>
  </ItemGroup>
  <ItemGroup>
    <ClInclude Include="Application.h" />
    <ClInclude Include="DDSTextureLoader.h" />
    <ClInclude Include="Camera.h" />
    <ClInclude Include="GameObject.h" />
    <ClInclude Include="Cube.h">
      <Filter>Primitives</Filter>
    </ClInclude>
    <ClInclude Include="LightingStructs.h">
      <Filter>Engine</Filter>
    </ClInclude>
    <ClInclude Include="Graphics.h">
      <Filter>Engine</Filter>
    </ClInclude>
    <ClInclude Include="OBJLoader.h">
      <Filter>Engine</Filter>
    </ClInclude>
    <ClInclude Include="Time.h">
      <Filter>Engine</Filter>
    </ClInclude>
    <ClInclude Include="Shaders.h" />
    <ClInclude Include="Donut.h">
      <Filter>Primitives</Filter>
    </ClInclude>
    <ClInclude Include="Cylinder.h">
      <Filter>Primitives</Filter>
    </ClInclude>
    <ClInclude Include="Sphere.h">
      <Filter>Primitives</Filter>
    </ClInclude>
    <ClInclude Include="Plane.h" />
    <ClInclude Include="MeshedObject.h" />
    <ClInclude Include="Bindable.h" />
    <ClInclude Include="VertexBuffer.h" />
    <ClInclude Include="IndexBuffer.h" />
    <ClInclude Include="Imgui\imconfig.h">
      <Filter>Imgui</Filter>
    </ClInclude>
    <ClInclude Include="Imgui\imgui.h">
      <Filter>Imgui</Filter>
    </ClInclude>
    <ClInclude Include="Imgui\imgui_impl_dx11.h">
      <Filter>Imgui</Filter>
    </ClInclude>
    <ClInclude Include="Imgui\imgui_impl_win32.h">
      <Filter>Imgui</Filter>
    </ClInclude>
    <ClInclude Include="Imgui\imgui_internal.h">
      <Filter>Imgui</Filter>
    </ClInclude>
    <ClInclude Include="Imgui\imstb_rectpack.h">
      <Filter>Imgui</Filter>
    </ClInclude>
    <ClInclude Include="Imgui\imstb_textedit.h">
      <Filter>Imgui</Filter>
    </ClInclude>
    <ClInclude Include="Imgui\imstb_truetype.h">
      <Filter>Imgui</Filter>
    </ClInclude>
    <ClInclude Include="ImGUIManager.h" />
    <ClInclude Include="JSONLevelLoader.h" />
  </ItemGroup>
  <ItemGroup>
    <ClCompile Include="Application.cpp" />
    <ClCompile Include="DX11 Framework.cpp" />
    <ClCompile Include="DDSTextureLoader.cpp" />
    <ClCompile Include="Camera.cpp" />
    <ClCompile Include="GameObject.cpp" />
    <ClCompile Include="Graphics.cpp">
      <Filter>Engine</Filter>
    </ClCompile>
    <ClCompile Include="OBJLoader.cpp">
      <Filter>Engine</Filter>
    </ClCompile>
    <ClCompile Include="Time.cpp">
      <Filter>Engine</Filter>
    </ClCompile>
    <ClCompile Include="Shaders.cpp" />
    <ClCompile Include="MeshedObject.cpp" />
    <ClCompile Include="Plane.cpp" />
    <ClCompile Include="Imgui\imgui.cpp">
      <Filter>Imgui</Filter>
    </ClCompile>
    <ClCompile Include="Imgui\imgui_draw.cpp">
      <Filter>Imgui</Filter>
    </ClCompile>
    <ClCompile Include="Imgui\imgui_impl_dx11.cpp">
      <Filter>Imgui</Filter>
    </ClCompile>
    <ClCompile Include="Imgui\imgui_impl_win32.cpp">
      <Filter>Imgui</Filter>
    </ClCompile>
    <ClCompile Include="Imgui\imgui_widgets.cpp">
      <Filter>Imgui</Filter>
    </ClCompile>
    <ClCompile Include="ImGUIManager.cpp" />
    <ClCompile Include="JSONLevelLoader.cpp" />
  </ItemGroup>
  <ItemGroup>
    <CLInclude Include="resource.h">
      <Filter>Resource Files</Filter>
    </CLInclude>
  </ItemGroup>
  <ItemGroup>
    <None Include="DX11 Framework.fx">
      <Filter>Shaders</Filter>
    </None>
  </ItemGroup>
  <ItemGroup>
    <ResourceCompile Include="DX11 Framework.rc">
      <Filter>Resource Files</Filter>
    </ResourceCompile>
  </ItemGroup>
</Project>