<?xml version="1.0" encoding="utf-8"?>
<Project ToolsVersion="4.0" xmlns:atg="http://atg.xbox.com" xmlns="http://schemas.microsoft.com/developer/msbuild/2003">
  <ItemGroup>
    <Filter Include="Resource Files">
      <UniqueIdentifier>{8e114980-c1a3-4ada-ad7c-83caadf5daeb}</UniqueIdentifier>
      <Extensions>rc;ico;cur;bmp;dlg;rc2;rct;bin;rgs;gif;jpg;jpeg;jpe</Extensions>
    </Filter>
    <Filter Include="Shaders">
      <UniqueIdentifier>{2c3d4c8c-5d1a-459a-a05a-a4e4b608a44e}</UniqueIdentifier>
      <Extensions>fx;fxh;hlsl</Extensions>
    </Filter>
    <Filter Include="Engine">
      <UniqueIdentifier>{b8628a0d-34b8-4198-8b4b-ec879f96ad2e}</UniqueIdentifier>
    </Filter>
    <Filter Include="Imgui">
      <UniqueIdentifier>{a4863a25-1fbb-457a-8ad3-521e25f2523c}</UniqueIdentifier>
    </Filter>
    <Filter Include="Engine\Bindables">
      <UniqueIdentifier>{558f4ab0-6c6e-4480-b794-b76452f28d75}</UniqueIdentifier>
    </Filter>
    <Filter Include="Engine\GameObject">
      <UniqueIdentifier>{321fc66d-a59e-4dcf-aa33-292c5e88a949}</UniqueIdentifier>
    </Filter>
    <Filter Include="Engine\Core">
      <UniqueIdentifier>{06de1c7a-4828-4c82-89a7-3dcc2141d8aa}</UniqueIdentifier>
    </Filter>
    <Filter Include="Engine\Graphics">
      <UniqueIdentifier>{e8a3cdb5-62e0-4130-ada4-3f1266acc5f0}</UniqueIdentifier>
    </Filter>
    <Filter Include="Engine\Physics">
      <UniqueIdentifier>{d05e48a3-42d0-4e3c-9129-518eecd13f2f}</UniqueIdentifier>
    </Filter>
    <Filter Include="Engine\Physics\ParticleModel">
      <UniqueIdentifier>{e391cd58-1f7a-46e3-b7f5-970d19a1bb4f}</UniqueIdentifier>
    </Filter>
    <Filter Include="Engine\Physics\Rigidbody">
      <UniqueIdentifier>{a8b38e53-b1fc-42b3-a253-8cc39782231f}</UniqueIdentifier>
    </Filter>
    <Filter Include="Levels">
      <UniqueIdentifier>{79bc7358-e579-4080-84b6-fd9c7e6e81e9}</UniqueIdentifier>
    </Filter>
    <Filter Include="ECS">
      <UniqueIdentifier>{125dcf8a-03b6-49dc-a12b-9e44343ec23e}</UniqueIdentifier>
    </Filter>
    <Filter Include="Engine\Physics\Rigidbody Collision">
      <UniqueIdentifier>{4b9f9e5e-927e-487c-aa53-f73f33178ae4}</UniqueIdentifier>
    </Filter>
    <Filter Include="Engine\Physics\Force Generators">
      <UniqueIdentifier>{1e0f545f-49aa-418c-b95c-f94c5ea1e8fd}</UniqueIdentifier>
    </Filter>
  </ItemGroup>
  <ItemGroup>
    <ClInclude Include="Application.h" />
    <ClInclude Include="Imgui\imconfig.h">
      <Filter>Imgui</Filter>
    </ClInclude>
    <ClInclude Include="Imgui\imgui.h">
      <Filter>Imgui</Filter>
    </ClInclude>
    <ClInclude Include="Imgui\imgui_impl_dx11.h">
      <Filter>Imgui</Filter>
    </ClInclude>
    <ClInclude Include="Imgui\imgui_impl_win32.h">
      <Filter>Imgui</Filter>
    </ClInclude>
    <ClInclude Include="Imgui\imgui_internal.h">
      <Filter>Imgui</Filter>
    </ClInclude>
    <ClInclude Include="Imgui\imstb_rectpack.h">
      <Filter>Imgui</Filter>
    </ClInclude>
    <ClInclude Include="Imgui\imstb_textedit.h">
      <Filter>Imgui</Filter>
    </ClInclude>
    <ClInclude Include="Imgui\imstb_truetype.h">
      <Filter>Imgui</Filter>
    </ClInclude>
    <ClInclude Include="ImGUIManager.h">
      <Filter>Imgui</Filter>
    </ClInclude>
    <ClInclude Include="Bindable.h">
      <Filter>Engine\Bindables</Filter>
    </ClInclude>
    <ClInclude Include="VertexBuffer.h">
      <Filter>Engine\Bindables</Filter>
    </ClInclude>
    <ClInclude Include="IndexBuffer.h">
      <Filter>Engine\Bindables</Filter>
    </ClInclude>
    <ClInclude Include="PixelShader.h">
      <Filter>Engine\Bindables</Filter>
    </ClInclude>
    <ClInclude Include="VertexShader.h">
      <Filter>Engine\Bindables</Filter>
    </ClInclude>
    <ClInclude Include="BindableHeaders.h">
      <Filter>Engine\Bindables</Filter>
    </ClInclude>
    <ClInclude Include="Time.h">
      <Filter>Engine\Core</Filter>
    </ClInclude>
    <ClInclude Include="OBJLoader.h">
      <Filter>Engine\Core</Filter>
    </ClInclude>
    <ClInclude Include="JSONLevelLoader.h">
      <Filter>Engine\Core</Filter>
    </ClInclude>
    <ClInclude Include="DDSTextureLoader.h">
      <Filter>Engine\Core</Filter>
    </ClInclude>
    <ClInclude Include="Graphics.h">
      <Filter>Engine\Graphics</Filter>
    </ClInclude>
    <ClInclude Include="LightingStructs.h">
      <Filter>Engine\Graphics</Filter>
    </ClInclude>
    <ClInclude Include="Camera.h">
      <Filter>Engine\Core</Filter>
    </ClInclude>
    <ClInclude Include="Vector3.h">
      <Filter>Engine\Core</Filter>
    </ClInclude>
    <ClInclude Include="Transform.h">
      <Filter>Engine\Core</Filter>
    </ClInclude>
    <ClInclude Include="Particle.h">
      <Filter>Engine\Physics\ParticleModel</Filter>
    </ClInclude>
    <ClInclude Include="Debug.h" />
    <ClInclude Include="Matrix3.h">
      <Filter>Engine\Core</Filter>
    </ClInclude>
    <ClInclude Include="Matrix4.h">
      <Filter>Engine\Core</Filter>
    </ClInclude>
    <ClInclude Include="Quaternion.h">
      <Filter>Engine\Core</Filter>
    </ClInclude>
    <ClInclude Include="Rigidbody.h">
      <Filter>Engine\Physics\Rigidbody</Filter>
    </ClInclude>
    <ClInclude Include="BoundingSphere.h">
      <Filter>Engine\Physics\Rigidbody Collision</Filter>
    </ClInclude>
    <ClInclude Include="CollisionData.h">
      <Filter>Engine\Physics\Rigidbody Collision</Filter>
    </ClInclude>
    <ClInclude Include="CollisionPrimitives.h">
      <Filter>Engine\Physics\Rigidbody Collision</Filter>
    </ClInclude>
    <ClInclude Include="CollisionDetector.h">
      <Filter>Engine\Physics\Rigidbody Collision</Filter>
    </ClInclude>
    <ClInclude Include="IntersectionTests.h">
      <Filter>Engine\Physics\Rigidbody Collision</Filter>
    </ClInclude>
    <ClInclude Include="ContactResolver.h">
      <Filter>Engine\Physics\Rigidbody Collision</Filter>
    </ClInclude>
    <ClInclude Include="Contact.h">
      <Filter>Engine\Physics\Rigidbody Collision</Filter>
    </ClInclude>
    <ClInclude Include="PhysicsModel.h">
      <Filter>Engine\Physics</Filter>
    </ClInclude>
    <ClInclude Include="Object.h">
      <Filter>Engine\GameObject</Filter>
    </ClInclude>
    <ClInclude Include="Level1.h">
      <Filter>Levels</Filter>
    </ClInclude>
    <ClInclude Include="Level2.h">
      <Filter>Levels</Filter>
    </ClInclude>
    <ClInclude Include="Level3.h">
      <Filter>Levels</Filter>
    </ClInclude>
    <ClInclude Include="Level4.h">
      <Filter>Levels</Filter>
    </ClInclude>
    <ClInclude Include="Level5.h">
      <Filter>Levels</Filter>
    </ClInclude>
    <ClInclude Include="Level6.h">
      <Filter>Levels</Filter>
    </ClInclude>
    <ClInclude Include="Level0.h">
      <Filter>Levels</Filter>
    </ClInclude>
    <ClInclude Include="ComponentIDs.h">
      <Filter>ECS</Filter>
    </ClInclude>
    <ClInclude Include="Component.h">
      <Filter>ECS</Filter>
    </ClInclude>
    <ClInclude Include="Level7.h">
      <Filter>Levels</Filter>
    </ClInclude>
    <ClInclude Include="GravityForceGenerator.h">
      <Filter>Engine\Physics\Force Generators</Filter>
    </ClInclude>
    <ClInclude Include="RestingForceGenerator.h">
      <Filter>Engine\Physics\Force Generators</Filter>
    </ClInclude>
    <ClInclude Include="DragForceGenerator.h">
      <Filter>Engine\Physics\Force Generators</Filter>
    </ClInclude>
    <ClInclude Include="BuoyancyForceGenerator.h">
      <Filter>Engine\Physics\Force Generators</Filter>
    </ClInclude>
    <ClInclude Include="Scene.h">
      <Filter>Levels</Filter>
    </ClInclude>
    <ClInclude Include="RendererComponent.h">
      <Filter>Engine\Graphics</Filter>
    </ClInclude>
  </ItemGroup>
  <ItemGroup>
    <ClCompile Include="Application.cpp" />
    <ClCompile Include="DX11 Framework.cpp" />
    <ClCompile Include="Imgui\imgui.cpp">
      <Filter>Imgui</Filter>
    </ClCompile>
    <ClCompile Include="Imgui\imgui_draw.cpp">
      <Filter>Imgui</Filter>
    </ClCompile>
    <ClCompile Include="Imgui\imgui_impl_dx11.cpp">
      <Filter>Imgui</Filter>
    </ClCompile>
    <ClCompile Include="Imgui\imgui_impl_win32.cpp">
      <Filter>Imgui</Filter>
    </ClCompile>
    <ClCompile Include="Imgui\imgui_widgets.cpp">
      <Filter>Imgui</Filter>
    </ClCompile>
    <ClCompile Include="ImGUIManager.cpp">
      <Filter>Imgui</Filter>
    </ClCompile>
    <ClCompile Include="Imgui\imgui_demo.cpp">
      <Filter>Imgui</Filter>
    </ClCompile>
    <ClCompile Include="Time.cpp">
      <Filter>Engine\Core</Filter>
    </ClCompile>
    <ClCompile Include="OBJLoader.cpp">
      <Filter>Engine\Core</Filter>
    </ClCompile>
    <ClCompile Include="JSONLevelLoader.cpp">
      <Filter>Engine\Core</Filter>
    </ClCompile>
    <ClCompile Include="DDSTextureLoader.cpp">
      <Filter>Engine\Core</Filter>
    </ClCompile>
    <ClCompile Include="Graphics.cpp">
      <Filter>Engine\Graphics</Filter>
    </ClCompile>
    <ClCompile Include="Camera.cpp">
      <Filter>Engine\Core</Filter>
    </ClCompile>
    <ClCompile Include="Transform.cpp">
      <Filter>Engine\Core</Filter>
    </ClCompile>
    <ClCompile Include="Particle.cpp">
      <Filter>Engine\Physics\ParticleModel</Filter>
    </ClCompile>
    <ClCompile Include="Debug.cpp" />
    <ClCompile Include="Rigidbody.cpp">
      <Filter>Engine\Physics\Rigidbody</Filter>
    </ClCompile>
    <ClCompile Include="CollisionDetector.cpp">
      <Filter>Engine\Physics\Rigidbody Collision</Filter>
    </ClCompile>
    <ClCompile Include="IntersectionTests.cpp">
      <Filter>Engine\Physics\Rigidbody Collision</Filter>
    </ClCompile>
    <ClCompile Include="ContactResolver.cpp">
      <Filter>Engine\Physics\Rigidbody Collision</Filter>
    </ClCompile>
    <ClCompile Include="Contact.cpp">
      <Filter>Engine\Physics\Rigidbody Collision</Filter>
    </ClCompile>
    <ClCompile Include="PhysicsModel.cpp">
      <Filter>Engine\Physics</Filter>
    </ClCompile>
    <ClCompile Include="Object.cpp">
      <Filter>Engine\GameObject</Filter>
    </ClCompile>
    <ClCompile Include="Level1.cpp">
      <Filter>Levels</Filter>
    </ClCompile>
    <ClCompile Include="Level2.cpp">
      <Filter>Levels</Filter>
    </ClCompile>
    <ClCompile Include="Level3.cpp">
      <Filter>Levels</Filter>
    </ClCompile>
    <ClCompile Include="Level4.cpp">
      <Filter>Levels</Filter>
    </ClCompile>
    <ClCompile Include="Level5.cpp">
      <Filter>Levels</Filter>
    </ClCompile>
    <ClCompile Include="Level6.cpp">
      <Filter>Levels</Filter>
    </ClCompile>
    <ClCompile Include="Level0.cpp">
      <Filter>Levels</Filter>
    </ClCompile>
    <ClCompile Include="Component.cpp">
      <Filter>ECS</Filter>
    </ClCompile>
    <ClCompile Include="Level7.cpp">
      <Filter>Levels</Filter>
    </ClCompile>
    <ClCompile Include="Scene.cpp">
      <Filter>Levels</Filter>
    </ClCompile>
    <ClCompile Include="RendererComponent.cpp">
      <Filter>Engine\Graphics</Filter>
    </ClCompile>
  </ItemGroup>
  <ItemGroup>
    <CLInclude Include="resource.h">
      <Filter>Resource Files</Filter>
    </CLInclude>
  </ItemGroup>
  <ItemGroup>
    <None Include="PhongDif.fx">
      <Filter>Shaders</Filter>
    </None>
    <None Include="PhongDifSpcNrm.fx">
      <Filter>Shaders</Filter>
    </None>
    <None Include="PhongDifSpc.fx">
      <Filter>Shaders</Filter>
    </None>
    <None Include="LightUtilities.fx">
      <Filter>Shaders</Filter>
    </None>
    <None Include="VertexShaderUtilities.fx">
      <Filter>Shaders</Filter>
    </None>
    <None Include="Skybox.fx">
      <Filter>Shaders</Filter>
    </None>
    <None Include="LightStructures.fx">
      <Filter>Shaders</Filter>
    </None>
    <None Include="ConstantBuffers.fx">
      <Filter>Shaders</Filter>
    </None>
  </ItemGroup>
  <ItemGroup>
    <ResourceCompile Include="DX11 Framework.rc">
      <Filter>Resource Files</Filter>
    </ResourceCompile>
  </ItemGroup>
</Project>